
Microsoft Visual Studio Solution File, Format Version 12.00
Project("{FAE04EC0-301F-11D3-BF4B-00C04F79EFBC}") = "Inventory", "Inventory.csproj", "{A6BEF705-9E7D-4348-947A-8BFFD8AEF374}"
EndProject
Global
	GlobalSection(SolutionConfigurationPlatforms) = preSolution
		Debug|Any CPU = Debug|Any CPU
		Release|Any CPU = Release|Any CPU
	EndGlobalSection
	GlobalSection(ProjectConfigurationPlatforms) = postSolution
		{A6BEF705-9E7D-4348-947A-8BFFD8AEF374}.Debug|Any CPU.ActiveCfg = Debug|Any CPU
		{A6BEF705-9E7D-4348-947A-8BFFD8AEF374}.Debug|Any CPU.Build.0 = Debug|Any CPU
		{A6BEF705-9E7D-4348-947A-8BFFD8AEF374}.Release|Any CPU.ActiveCfg = Release|Any CPU
		{A6BEF705-9E7D-4348-947A-8BFFD8AEF374}.Release|Any CPU.Build.0 = Release|Any CPU
	EndGlobalSection
EndGlobal
